
Microsoft Visual Studio Solution File, Format Version 12.00
# Visual Studio Version 17
VisualStudioVersion = 17.11.35303.130
MinimumVisualStudioVersion = 10.0.40219.1
Project("{888888A0-9F3D-457C-B088-3A5042F75D52}") = "GensparkProject2", "GensparkProject2\GensparkProject2.pyproj", "{2F93573A-929B-4B74-B85A-F95FFE82038D}"
EndProject
Global
	GlobalSection(SolutionConfigurationPlatforms) = preSolution
		Debug|Any CPU = Debug|Any CPU
		Release|Any CPU = Release|Any CPU
	EndGlobalSection
	GlobalSection(ProjectConfigurationPlatforms) = postSolution
		{2F93573A-929B-4B74-B85A-F95FFE82038D}.Debug|Any CPU.ActiveCfg = Debug|Any CPU
		{2F93573A-929B-4B74-B85A-F95FFE82038D}.Release|Any CPU.ActiveCfg = Release|Any CPU
	EndGlobalSection
	GlobalSection(SolutionProperties) = preSolution
		HideSolutionNode = FALSE
	EndGlobalSection
	GlobalSection(ExtensibilityGlobals) = postSolution
		SolutionGuid = {5E68F6EA-89FE-4391-B849-8D8EC4B26489}
	EndGlobalSection
EndGlobal
